
Microsoft Visual Studio Solution File, Format Version 12.00
# Visual Studio Version 16
VisualStudioVersion = 16.0.31424.327
MinimumVisualStudioVersion = 10.0.40219.1
Project("{FAE04EC0-301F-11D3-BF4B-00C04F79EFBC}") = "md04_CadernoExercicios_05", "md04_CadernoExercicios_05.csproj", "{DD28D8AF-B7EC-44D7-B83A-F7083E632394}"
EndProject
Global
	GlobalSection(SolutionConfigurationPlatforms) = preSolution
		Debug|Any CPU = Debug|Any CPU
		Release|Any CPU = Release|Any CPU
	EndGlobalSection
	GlobalSection(ProjectConfigurationPlatforms) = postSolution
		{DD28D8AF-B7EC-44D7-B83A-F7083E632394}.Debug|Any CPU.ActiveCfg = Debug|Any CPU
		{DD28D8AF-B7EC-44D7-B83A-F7083E632394}.Debug|Any CPU.Build.0 = Debug|Any CPU
		{DD28D8AF-B7EC-44D7-B83A-F7083E632394}.Release|Any CPU.ActiveCfg = Release|Any CPU
		{DD28D8AF-B7EC-44D7-B83A-F7083E632394}.Release|Any CPU.Build.0 = Release|Any CPU
	EndGlobalSection
	GlobalSection(SolutionProperties) = preSolution
		HideSolutionNode = FALSE
	EndGlobalSection
	GlobalSection(ExtensibilityGlobals) = postSolution
		SolutionGuid = {8C0A4082-EE01-4387-B0BC-6820DB3E27DE}
	EndGlobalSection
EndGlobal
